// !$*UTF8*$!
{
	archiveVersion = 1;
	classes = {
	};
	objectVersion = 46;
	objects = {

/* Begin PBXBuildFile section */
		43096BEB19F5C114008ABF28 /* main.m in Sources */ = {isa = PBXBuildFile; fileRef = 43096BEA19F5C114008ABF28 /* main.m */; };
		43096BEE19F5C114008ABF28 /* AppDelegate.m in Sources */ = {isa = PBXBuildFile; fileRef = 43096BED19F5C114008ABF28 /* AppDelegate.m */; };
		43096BF619F5C114008ABF28 /* Images.xcassets in Resources */ = {isa = PBXBuildFile; fileRef = 43096BF519F5C114008ABF28 /* Images.xcassets */; };
		43096C0519F5C114008ABF28 /* HypnonerdTests.m in Sources */ = {isa = PBXBuildFile; fileRef = 43096C0419F5C114008ABF28 /* HypnonerdTests.m */; };
		43096C1319F5C1B3008ABF28 /* BNRHypnosisViewController.m in Sources */ = {isa = PBXBuildFile; fileRef = 43096C1219F5C1B3008ABF28 /* BNRHypnosisViewController.m */; };
		43096C1519F5C322008ABF28 /* Default-568h@2x.png in Resources */ = {isa = PBXBuildFile; fileRef = 43096C1419F5C322008ABF28 /* Default-568h@2x.png */; };
		43096C1819F5C49A008ABF28 /* BNRHypnosisView.m in Sources */ = {isa = PBXBuildFile; fileRef = 43096C1719F5C49A008ABF28 /* BNRHypnosisView.m */; };
		43096C1B19F5C52C008ABF28 /* BNRReminderViewController.m in Sources */ = {isa = PBXBuildFile; fileRef = 43096C1A19F5C52C008ABF28 /* BNRReminderViewController.m */; };
		43096C1D19F5C5FB008ABF28 /* BNRReminderViewController.xib in Resources */ = {isa = PBXBuildFile; fileRef = 43096C1C19F5C5FB008ABF28 /* BNRReminderViewController.xib */; };
/* End PBXBuildFile section */

/* Begin PBXContainerItemProxy section */
		43096BFF19F5C114008ABF28 /* PBXContainerItemProxy */ = {
			isa = PBXContainerItemProxy;
			containerPortal = 43096BDD19F5C114008ABF28 /* Project object */;
			proxyType = 1;
			remoteGlobalIDString = 43096BE419F5C114008ABF28;
			remoteInfo = Hypnonerd;
		};
/* End PBXContainerItemProxy section */

/* Begin PBXFileReference section */
		43096BE519F5C114008ABF28 /* Hypnonerd.app */ = {isa = PBXFileReference; explicitFileType = wrapper.application; includeInIndex = 0; path = Hypnonerd.app; sourceTree = BUILT_PRODUCTS_DIR; };
		43096BE919F5C114008ABF28 /* Info.plist */ = {isa = PBXFileReference; lastKnownFileType = text.plist.xml; path = Info.plist; sourceTree = "<group>"; };
		43096BEA19F5C114008ABF28 /* main.m */ = {isa = PBXFileReference; lastKnownFileType = sourcecode.c.objc; path = main.m; sourceTree = "<group>"; };
		43096BEC19F5C114008ABF28 /* AppDelegate.h */ = {isa = PBXFileReference; lastKnownFileType = sourcecode.c.h; path = AppDelegate.h; sourceTree = "<group>"; };
		43096BED19F5C114008ABF28 /* AppDelegate.m */ = {isa = PBXFileReference; lastKnownFileType = sourcecode.c.objc; path = AppDelegate.m; sourceTree = "<group>"; };
		43096BF519F5C114008ABF28 /* Images.xcassets */ = {isa = PBXFileReference; lastKnownFileType = folder.assetcatalog; path = Images.xcassets; sourceTree = "<group>"; };
		43096BFE19F5C114008ABF28 /* HypnonerdTests.xctest */ = {isa = PBXFileReference; explicitFileType = wrapper.cfbundle; includeInIndex = 0; path = HypnonerdTests.xctest; sourceTree = BUILT_PRODUCTS_DIR; };
		43096C0319F5C114008ABF28 /* Info.plist */ = {isa = PBXFileReference; lastKnownFileType = text.plist.xml; path = Info.plist; sourceTree = "<group>"; };
		43096C0419F5C114008ABF28 /* HypnonerdTests.m */ = {isa = PBXFileReference; lastKnownFileType = sourcecode.c.objc; path = HypnonerdTests.m; sourceTree = "<group>"; };
		43096C1119F5C1B3008ABF28 /* BNRHypnosisViewController.h */ = {isa = PBXFileReference; fileEncoding = 4; lastKnownFileType = sourcecode.c.h; path = BNRHypnosisViewController.h; sourceTree = "<group>"; };
		43096C1219F5C1B3008ABF28 /* BNRHypnosisViewController.m */ = {isa = PBXFileReference; fileEncoding = 4; lastKnownFileType = sourcecode.c.objc; path = BNRHypnosisViewController.m; sourceTree = "<group>"; };
		43096C1419F5C322008ABF28 /* Default-568h@2x.png */ = {isa = PBXFileReference; lastKnownFileType = image.png; path = "Default-568h@2x.png"; sourceTree = "<group>"; };
		43096C1619F5C49A008ABF28 /* BNRHypnosisView.h */ = {isa = PBXFileReference; fileEncoding = 4; lastKnownFileType = sourcecode.c.h; path = BNRHypnosisView.h; sourceTree = "<group>"; };
		43096C1719F5C49A008ABF28 /* BNRHypnosisView.m */ = {isa = PBXFileReference; fileEncoding = 4; lastKnownFileType = sourcecode.c.objc; path = BNRHypnosisView.m; sourceTree = "<group>"; };
		43096C1919F5C52C008ABF28 /* BNRReminderViewController.h */ = {isa = PBXFileReference; fileEncoding = 4; lastKnownFileType = sourcecode.c.h; path = BNRReminderViewController.h; sourceTree = "<group>"; };
		43096C1A19F5C52C008ABF28 /* BNRReminderViewController.m */ = {isa = PBXFileReference; fileEncoding = 4; lastKnownFileType = sourcecode.c.objc; path = BNRReminderViewController.m; sourceTree = "<group>"; };
		43096C1C19F5C5FB008ABF28 /* BNRReminderViewController.xib */ = {isa = PBXFileReference; fileEncoding = 4; lastKnownFileType = file.xib; path = BNRReminderViewController.xib; sourceTree = "<group>"; };
/* End PBXFileReference section */

/* Begin PBXFrameworksBuildPhase section */
		43096BE219F5C114008ABF28 /* Frameworks */ = {
			isa = PBXFrameworksBuildPhase;
			buildActionMask = 2147483647;
			files = (
			);
			runOnlyForDeploymentPostprocessing = 0;
		};
		43096BFB19F5C114008ABF28 /* Frameworks */ = {
			isa = PBXFrameworksBuildPhase;
			buildActionMask = 2147483647;
			files = (
			);
			runOnlyForDeploymentPostprocessing = 0;
		};
/* End PBXFrameworksBuildPhase section */

/* Begin PBXGroup section */
		43096BDC19F5C114008ABF28 = {
			isa = PBXGroup;
			children = (
				43096C1419F5C322008ABF28 /* Default-568h@2x.png */,
				43096BE719F5C114008ABF28 /* Hypnonerd */,
				43096C0119F5C114008ABF28 /* HypnonerdTests */,
				43096BE619F5C114008ABF28 /* Products */,
			);
			sourceTree = "<group>";
		};
		43096BE619F5C114008ABF28 /* Products */ = {
			isa = PBXGroup;
			children = (
				43096BE519F5C114008ABF28 /* Hypnonerd.app */,
				43096BFE19F5C114008ABF28 /* HypnonerdTests.xctest */,
			);
			name = Products;
			sourceTree = "<group>";
		};
		43096BE719F5C114008ABF28 /* Hypnonerd */ = {
			isa = PBXGroup;
			children = (
				43096C1619F5C49A008ABF28 /* BNRHypnosisView.h */,
				43096C1719F5C49A008ABF28 /* BNRHypnosisView.m */,
				43096C1919F5C52C008ABF28 /* BNRReminderViewController.h */,
				43096C1A19F5C52C008ABF28 /* BNRReminderViewController.m */,
				43096C1C19F5C5FB008ABF28 /* BNRReminderViewController.xib */,
				43096BEC19F5C114008ABF28 /* AppDelegate.h */,
				43096BED19F5C114008ABF28 /* AppDelegate.m */,
				43096C1119F5C1B3008ABF28 /* BNRHypnosisViewController.h */,
				43096C1219F5C1B3008ABF28 /* BNRHypnosisViewController.m */,
				43096BF519F5C114008ABF28 /* Images.xcassets */,
				43096BE819F5C114008ABF28 /* Supporting Files */,
			);
			path = Hypnonerd;
			sourceTree = "<group>";
		};
		43096BE819F5C114008ABF28 /* Supporting Files */ = {
			isa = PBXGroup;
			children = (
				43096BE919F5C114008ABF28 /* Info.plist */,
				43096BEA19F5C114008ABF28 /* main.m */,
			);
			name = "Supporting Files";
			sourceTree = "<group>";
		};
		43096C0119F5C114008ABF28 /* HypnonerdTests */ = {
			isa = PBXGroup;
			children = (
				43096C0419F5C114008ABF28 /* HypnonerdTests.m */,
				43096C0219F5C114008ABF28 /* Supporting Files */,
			);
			path = HypnonerdTests;
			sourceTree = "<group>";
		};
		43096C0219F5C114008ABF28 /* Supporting Files */ = {
			isa = PBXGroup;
			children = (
				43096C0319F5C114008ABF28 /* Info.plist */,
			);
			name = "Supporting Files";
			sourceTree = "<group>";
		};
/* End PBXGroup section */

/* Begin PBXNativeTarget section */
		43096BE419F5C114008ABF28 /* Hypnonerd */ = {
			isa = PBXNativeTarget;
			buildConfigurationList = 43096C0819F5C114008ABF28 /* Build configuration list for PBXNativeTarget "Hypnonerd" */;
			buildPhases = (
				43096BE119F5C114008ABF28 /* Sources */,
				43096BE219F5C114008ABF28 /* Frameworks */,
				43096BE319F5C114008ABF28 /* Resources */,
			);
			buildRules = (
			);
			dependencies = (
			);
			name = Hypnonerd;
			productName = Hypnonerd;
			productReference = 43096BE519F5C114008ABF28 /* Hypnonerd.app */;
			productType = "com.apple.product-type.application";
		};
		43096BFD19F5C114008ABF28 /* HypnonerdTests */ = {
			isa = PBXNativeTarget;
			buildConfigurationList = 43096C0B19F5C114008ABF28 /* Build configuration list for PBXNativeTarget "HypnonerdTests" */;
			buildPhases = (
				43096BFA19F5C114008ABF28 /* Sources */,
				43096BFB19F5C114008ABF28 /* Frameworks */,
				43096BFC19F5C114008ABF28 /* Resources */,
			);
			buildRules = (
			);
			dependencies = (
				43096C0019F5C114008ABF28 /* PBXTargetDependency */,
			);
			name = HypnonerdTests;
			productName = HypnonerdTests;
			productReference = 43096BFE19F5C114008ABF28 /* HypnonerdTests.xctest */;
			productType = "com.apple.product-type.bundle.unit-test";
		};
/* End PBXNativeTarget section */

/* Begin PBXProject section */
		43096BDD19F5C114008ABF28 /* Project object */ = {
			isa = PBXProject;
			attributes = {
				LastUpgradeCheck = 0600;
				ORGANIZATIONNAME = "Black Rail Capital";
				TargetAttributes = {
					43096BE419F5C114008ABF28 = {
						CreatedOnToolsVersion = 6.0.1;
					};
					43096BFD19F5C114008ABF28 = {
						CreatedOnToolsVersion = 6.0.1;
						TestTargetID = 43096BE419F5C114008ABF28;
					};
				};
			};
			buildConfigurationList = 43096BE019F5C114008ABF28 /* Build configuration list for PBXProject "Hypnonerd" */;
			compatibilityVersion = "Xcode 3.2";
			developmentRegion = English;
			hasScannedForEncodings = 0;
			knownRegions = (
				en,
				Base,
			);
			mainGroup = 43096BDC19F5C114008ABF28;
			productRefGroup = 43096BE619F5C114008ABF28 /* Products */;
			projectDirPath = "";
			projectRoot = "";
			targets = (
				43096BE419F5C114008ABF28 /* Hypnonerd */,
				43096BFD19F5C114008ABF28 /* HypnonerdTests */,
			);
		};
/* End PBXProject section */

/* Begin PBXResourcesBuildPhase section */
		43096BE319F5C114008ABF28 /* Resources */ = {
			isa = PBXResourcesBuildPhase;
			buildActionMask = 2147483647;
			files = (
				43096C1D19F5C5FB008ABF28 /* BNRReminderViewController.xib in Resources */,
				43096BF619F5C114008ABF28 /* Images.xcassets in Resources */,
				43096C1519F5C322008ABF28 /* Default-568h@2x.png in Resources */,
			);
			runOnlyForDeploymentPostprocessing = 0;
		};
		43096BFC19F5C114008ABF28 /* Resources */ = {
			isa = PBXResourcesBuildPhase;
			buildActionMask = 2147483647;
			files = (
			);
			runOnlyForDeploymentPostprocessing = 0;
		};
/* End PBXResourcesBuildPhase section */

/* Begin PBXSourcesBuildPhase section */
		43096BE119F5C114008ABF28 /* Sources */ = {
			isa = PBXSourcesBuildPhase;
			buildActionMask = 2147483647;
			files = (
				43096C1319F5C1B3008ABF28 /* BNRHypnosisViewController.m in Sources */,
				43096BEE19F5C114008ABF28 /* AppDelegate.m in Sources */,
				43096C1819F5C49A008ABF28 /* BNRHypnosisView.m in Sources */,
				43096C1B19F5C52C008ABF28 /* BNRReminderViewController.m in Sources */,
				43096BEB19F5C114008ABF28 /* main.m in Sources */,
			);
			runOnlyForDeploymentPostprocessing = 0;
		};
		43096BFA19F5C114008ABF28 /* Sources */ = {
			isa = PBXSourcesBuildPhase;
			buildActionMask = 2147483647;
			files = (
				43096C0519F5C114008ABF28 /* HypnonerdTests.m in Sources */,
			);
			runOnlyForDeploymentPostprocessing = 0;
		};
/* End PBXSourcesBuildPhase section */

/* Begin PBXTargetDependency section */
		43096C0019F5C114008ABF28 /* PBXTargetDependency */ = {
			isa = PBXTargetDependency;
			target = 43096BE419F5C114008ABF28 /* Hypnonerd */;
			targetProxy = 43096BFF19F5C114008ABF28 /* PBXContainerItemProxy */;
		};
/* End PBXTargetDependency section */

/* Begin XCBuildConfiguration section */
		43096C0619F5C114008ABF28 /* Debug */ = {
			isa = XCBuildConfiguration;
			buildSettings = {
				ALWAYS_SEARCH_USER_PATHS = NO;
				CLANG_CXX_LANGUAGE_STANDARD = "gnu++0x";
				CLANG_CXX_LIBRARY = "libc++";
				CLANG_ENABLE_MODULES = YES;
				CLANG_ENABLE_OBJC_ARC = YES;
				CLANG_WARN_BOOL_CONVERSION = YES;
				CLANG_WARN_CONSTANT_CONVERSION = YES;
				CLANG_WARN_DIRECT_OBJC_ISA_USAGE = YES_ERROR;
				CLANG_WARN_EMPTY_BODY = YES;
				CLANG_WARN_ENUM_CONVERSION = YES;
				CLANG_WARN_INT_CONVERSION = YES;
				CLANG_WARN_OBJC_ROOT_CLASS = YES_ERROR;
				CLANG_WARN_UNREACHABLE_CODE = YES;
				CLANG_WARN__DUPLICATE_METHOD_MATCH = YES;
				"CODE_SIGN_IDENTITY[sdk=iphoneos*]" = "iPhone Developer";
				COPY_PHASE_STRIP = NO;
				ENABLE_STRICT_OBJC_MSGSEND = YES;
				GCC_C_LANGUAGE_STANDARD = gnu99;
				GCC_DYNAMIC_NO_PIC = NO;
				GCC_OPTIMIZATION_LEVEL = 0;
				GCC_PREPROCESSOR_DEFINITIONS = (
					"DEBUG=1",
					"$(inherited)",
				);
				GCC_SYMBOLS_PRIVATE_EXTERN = NO;
				GCC_WARN_64_TO_32_BIT_CONVERSION = YES;
				GCC_WARN_ABOUT_RETURN_TYPE = YES_ERROR;
				GCC_WARN_UNDECLARED_SELECTOR = YES;
				GCC_WARN_UNINITIALIZED_AUTOS = YES_AGGRESSIVE;
				GCC_WARN_UNUSED_FUNCTION = YES;
				GCC_WARN_UNUSED_VARIABLE = YES;
				IPHONEOS_DEPLOYMENT_TARGET = 8.0;
				MTL_ENABLE_DEBUG_INFO = YES;
				ONLY_ACTIVE_ARCH = YES;
				SDKROOT = iphoneos;
			};
			name = Debug;
		};
		43096C0719F5C114008ABF28 /* Release */ = {
			isa = XCBuildConfiguration;
			buildSettings = {
				ALWAYS_SEARCH_USER_PATHS = NO;
				CLANG_CXX_LANGUAGE_STANDARD = "gnu++0x";
				CLANG_CXX_LIBRARY = "libc++";
				CLANG_ENABLE_MODULES = YES;
				CLANG_ENABLE_OBJC_ARC = YES;
				CLANG_WARN_BOOL_CONVERSION = YES;
				CLANG_WARN_CONSTANT_CONVERSION = YES;
				CLANG_WARN_DIRECT_OBJC_ISA_USAGE = YES_ERROR;
				CLANG_WARN_EMPTY_BODY = YES;
				CLANG_WARN_ENUM_CONVERSION = YES;
				CLANG_WARN_INT_CONVERSION = YES;
				CLANG_WARN_OBJC_ROOT_CLASS = YES_ERROR;
				CLANG_WARN_UNREACHABLE_CODE = YES;
				CLANG_WARN__DUPLICATE_METHOD_MATCH = YES;
				"CODE_SIGN_IDENTITY[sdk=iphoneos*]" = "iPhone Developer";
				COPY_PHASE_STRIP = YES;
				ENABLE_NS_ASSERTIONS = NO;
				ENABLE_STRICT_OBJC_MSGSEND = YES;
				GCC_C_LANGUAGE_STANDARD = gnu99;
				GCC_WARN_64_TO_32_BIT_CONVERSION = YES;
				GCC_WARN_ABOUT_RETURN_TYPE = YES_ERROR;
				GCC_WARN_UNDECLARED_SELECTOR = YES;
				GCC_WARN_UNINITIALIZED_AUTOS = YES_AGGRESSIVE;
				GCC_WARN_UNUSED_FUNCTION = YES;
				GCC_WARN_UNUSED_VARIABLE = YES;
				IPHONEOS_DEPLOYMENT_TARGET = 8.0;
				MTL_ENABLE_DEBUG_INFO = NO;
				SDKROOT = iphoneos;
				VALIDATE_PRODUCT = YES;
			};
			name = Release;
		};
		43096C0919F5C114008ABF28 /* Debug */ = {
			isa = XCBuildConfiguration;
			buildSettings = {
				ASSETCATALOG_COMPILER_APPICON_NAME = AppIcon;
				INFOPLIST_FILE = Hypnonerd/Info.plist;
				LD_RUNPATH_SEARCH_PATHS = "$(inherited) @executable_path/Frameworks";
				PRODUCT_NAME = "$(TARGET_NAME)";
			};
			name = Debug;
		};
		43096C0A19F5C114008ABF28 /* Release */ = {
			isa = XCBuildConfiguration;
			buildSettings = {
				ASSETCATALOG_COMPILER_APPICON_NAME = AppIcon;
				INFOPLIST_FILE = Hypnonerd/Info.plist;
				LD_RUNPATH_SEARCH_PATHS = "$(inherited) @executable_path/Frameworks";
				PRODUCT_NAME = "$(TARGET_NAME)";
			};
			name = Release;
		};
		43096C0C19F5C114008ABF28 /* Debug */ = {
			isa = XCBuildConfiguration;
			buildSettings = {
				BUNDLE_LOADER = "$(TEST_HOST)";
				FRAMEWORK_SEARCH_PATHS = (
					"$(SDKROOT)/Developer/Library/Frameworks",
					"$(inherited)",
				);
				GCC_PREPROCESSOR_DEFINITIONS = (
					"DEBUG=1",
					"$(inherited)",
				);
				INFOPLIST_FILE = HypnonerdTests/Info.plist;
				LD_RUNPATH_SEARCH_PATHS = "$(inherited) @executable_path/Frameworks @loader_path/Frameworks";
				PRODUCT_NAME = "$(TARGET_NAME)";
				TEST_HOST = "$(BUILT_PRODUCTS_DIR)/Hypnonerd.app/Hypnonerd";
			};
			name = Debug;
		};
		43096C0D19F5C114008ABF28 /* Release */ = {
			isa = XCBuildConfiguration;
			buildSettings = {
				BUNDLE_LOADER = "$(TEST_HOST)";
				FRAMEWORK_SEARCH_PATHS = (
					"$(SDKROOT)/Developer/Library/Frameworks",
					"$(inherited)",
				);
				INFOPLIST_FILE = HypnonerdTests/Info.plist;
				LD_RUNPATH_SEARCH_PATHS = "$(inherited) @executable_path/Frameworks @loader_path/Frameworks";
				PRODUCT_NAME = "$(TARGET_NAME)";
				TEST_HOST = "$(BUILT_PRODUCTS_DIR)/Hypnonerd.app/Hypnonerd";
			};
			name = Release;
		};
/* End XCBuildConfiguration section */

/* Begin XCConfigurationList section */
		43096BE019F5C114008ABF28 /* Build configuration list for PBXProject "Hypnonerd" */ = {
			isa = XCConfigurationList;
			buildConfigurations = (
				43096C0619F5C114008ABF28 /* Debug */,
				43096C0719F5C114008ABF28 /* Release */,
			);
			defaultConfigurationIsVisible = 0;
			defaultConfigurationName = Release;
		};
		43096C0819F5C114008ABF28 /* Build configuration list for PBXNativeTarget "Hypnonerd" */ = {
			isa = XCConfigurationList;
			buildConfigurations = (
				43096C0919F5C114008ABF28 /* Debug */,
				43096C0A19F5C114008ABF28 /* Release */,
			);
			defaultConfigurationIsVisible = 0;
		};
		43096C0B19F5C114008ABF28 /* Build configuration list for PBXNativeTarget "HypnonerdTests" */ = {
			isa = XCConfigurationList;
			buildConfigurations = (
				43096C0C19F5C114008ABF28 /* Debug */,
				43096C0D19F5C114008ABF28 /* Release */,
			);
			defaultConfigurationIsVisible = 0;
		};
/* End XCConfigurationList section */
	};
	rootObject = 43096BDD19F5C114008ABF28 /* Project object */;
}
